// !$*UTF8*$!
{
	archiveVersion = 1;
	classes = {
	};
	objectVersion = 50;
	objects = {

/* Begin PBXBuildFile section */
		3325744F2282C968006F1182 /* ResultViewController.swift in Sources */ = {isa = PBXBuildFile; fileRef = 3325744E2282C968006F1182 /* ResultViewController.swift */; };
		6F730013227875BC005800C7 /* AppDelegate.swift in Sources */ = {isa = PBXBuildFile; fileRef = 6F730012227875BC005800C7 /* AppDelegate.swift */; };
		6F730015227875BC005800C7 /* PaymentViewController.swift in Sources */ = {isa = PBXBuildFile; fileRef = 6F730014227875BC005800C7 /* PaymentViewController.swift */; };
		6F730018227875BC005800C7 /* Main.storyboard in Resources */ = {isa = PBXBuildFile; fileRef = 6F730016227875BC005800C7 /* Main.storyboard */; };
		6F73001A227875BE005800C7 /* Assets.xcassets in Resources */ = {isa = PBXBuildFile; fileRef = 6F730019227875BE005800C7 /* Assets.xcassets */; };
		6F73001D227875BE005800C7 /* LaunchScreen.storyboard in Resources */ = {isa = PBXBuildFile; fileRef = 6F73001B227875BE005800C7 /* LaunchScreen.storyboard */; };
		6FFB41D02279E45700694925 /* Simplify.framework in Frameworks */ = {isa = PBXBuildFile; fileRef = 6FFB41CF2279E45700694925 /* Simplify.framework */; };
/* End PBXBuildFile section */

/* Begin PBXFileReference section */
		3325744E2282C968006F1182 /* ResultViewController.swift */ = {isa = PBXFileReference; lastKnownFileType = sourcecode.swift; path = ResultViewController.swift; sourceTree = "<group>"; };
		6F73000F227875BC005800C7 /* SimplifySDKSampleApp.app */ = {isa = PBXFileReference; explicitFileType = wrapper.application; includeInIndex = 0; path = SimplifySDKSampleApp.app; sourceTree = BUILT_PRODUCTS_DIR; };
		6F730012227875BC005800C7 /* AppDelegate.swift */ = {isa = PBXFileReference; lastKnownFileType = sourcecode.swift; path = AppDelegate.swift; sourceTree = "<group>"; };
		6F730014227875BC005800C7 /* PaymentViewController.swift */ = {isa = PBXFileReference; lastKnownFileType = sourcecode.swift; path = PaymentViewController.swift; sourceTree = "<group>"; };
		6F730017227875BC005800C7 /* Base */ = {isa = PBXFileReference; lastKnownFileType = file.storyboard; name = Base; path = Base.lproj/Main.storyboard; sourceTree = "<group>"; };
		6F730019227875BE005800C7 /* Assets.xcassets */ = {isa = PBXFileReference; lastKnownFileType = folder.assetcatalog; path = Assets.xcassets; sourceTree = "<group>"; };
		6F73001C227875BE005800C7 /* Base */ = {isa = PBXFileReference; lastKnownFileType = file.storyboard; name = Base; path = Base.lproj/LaunchScreen.storyboard; sourceTree = "<group>"; };
		6F73001E227875BE005800C7 /* Info.plist */ = {isa = PBXFileReference; lastKnownFileType = text.plist.xml; path = Info.plist; sourceTree = "<group>"; };
		6FFB41CF2279E45700694925 /* Simplify.framework */ = {isa = PBXFileReference; explicitFileType = wrapper.framework; path = Simplify.framework; sourceTree = BUILT_PRODUCTS_DIR; };
/* End PBXFileReference section */

/* Begin PBXFrameworksBuildPhase section */
		6F73000C227875BC005800C7 /* Frameworks */ = {
			isa = PBXFrameworksBuildPhase;
			buildActionMask = 2147483647;
			files = (
				6FFB41D02279E45700694925 /* Simplify.framework in Frameworks */,
			);
			runOnlyForDeploymentPostprocessing = 0;
		};
/* End PBXFrameworksBuildPhase section */

/* Begin PBXGroup section */
		6F730006227875BC005800C7 = {
			isa = PBXGroup;
			children = (
				6F730011227875BC005800C7 /* SimplifySDKSampleApp */,
				6F730010227875BC005800C7 /* Products */,
				6FFB41CE2279E45700694925 /* Frameworks */,
			);
			sourceTree = "<group>";
		};
		6F730010227875BC005800C7 /* Products */ = {
			isa = PBXGroup;
			children = (
				6F73000F227875BC005800C7 /* SimplifySDKSampleApp.app */,
			);
			name = Products;
			sourceTree = "<group>";
		};
		6F730011227875BC005800C7 /* SimplifySDKSampleApp */ = {
			isa = PBXGroup;
			children = (
				6F730012227875BC005800C7 /* AppDelegate.swift */,
				6F730014227875BC005800C7 /* PaymentViewController.swift */,
				6F730016227875BC005800C7 /* Main.storyboard */,
				3325744E2282C968006F1182 /* ResultViewController.swift */,
				6F730019227875BE005800C7 /* Assets.xcassets */,
				6F73001B227875BE005800C7 /* LaunchScreen.storyboard */,
				6F73001E227875BE005800C7 /* Info.plist */,
			);
			path = SimplifySDKSampleApp;
			sourceTree = "<group>";
		};
		6FFB41CE2279E45700694925 /* Frameworks */ = {
			isa = PBXGroup;
			children = (
				6FFB41CF2279E45700694925 /* Simplify.framework */,
			);
			name = Frameworks;
			sourceTree = "<group>";
		};
/* End PBXGroup section */

/* Begin PBXNativeTarget section */
		6F73000E227875BC005800C7 /* SimplifySDKSampleApp */ = {
			isa = PBXNativeTarget;
			buildConfigurationList = 6F730021227875BE005800C7 /* Build configuration list for PBXNativeTarget "SimplifySDKSampleApp" */;
			buildPhases = (
				6F73000B227875BC005800C7 /* Sources */,
				6F73000C227875BC005800C7 /* Frameworks */,
				6F73000D227875BC005800C7 /* Resources */,
			);
			buildRules = (
			);
			dependencies = (
			);
			name = SimplifySDKSampleApp;
			productName = SimplifySDKSampleApp;
			productReference = 6F73000F227875BC005800C7 /* SimplifySDKSampleApp.app */;
			productType = "com.apple.product-type.application";
		};
/* End PBXNativeTarget section */

/* Begin PBXProject section */
		6F730007227875BC005800C7 /* Project object */ = {
			isa = PBXProject;
			attributes = {
				LastSwiftUpdateCheck = 1010;
				LastUpgradeCheck = 1010;
				ORGANIZATIONNAME = Mastercard;
				TargetAttributes = {
					6F73000E227875BC005800C7 = {
						CreatedOnToolsVersion = 10.1;
						LastSwiftMigration = 1020;
					};
				};
			};
			buildConfigurationList = 6F73000A227875BC005800C7 /* Build configuration list for PBXProject "SimplifySDKSampleApp" */;
			compatibilityVersion = "Xcode 9.3";
			developmentRegion = en;
			hasScannedForEncodings = 0;
			knownRegions = (
				en,
				Base,
			);
			mainGroup = 6F730006227875BC005800C7;
			productRefGroup = 6F730010227875BC005800C7 /* Products */;
			projectDirPath = "";
			projectRoot = "";
			targets = (
				6F73000E227875BC005800C7 /* SimplifySDKSampleApp */,
			);
		};
/* End PBXProject section */

/* Begin PBXResourcesBuildPhase section */
		6F73000D227875BC005800C7 /* Resources */ = {
			isa = PBXResourcesBuildPhase;
			buildActionMask = 2147483647;
			files = (
				6F73001D227875BE005800C7 /* LaunchScreen.storyboard in Resources */,
				6F73001A227875BE005800C7 /* Assets.xcassets in Resources */,
				6F730018227875BC005800C7 /* Main.storyboard in Resources */,
			);
			runOnlyForDeploymentPostprocessing = 0;
		};
/* End PBXResourcesBuildPhase section */

/* Begin PBXSourcesBuildPhase section */
		6F73000B227875BC005800C7 /* Sources */ = {
			isa = PBXSourcesBuildPhase;
			buildActionMask = 2147483647;
			files = (
				6F730015227875BC005800C7 /* PaymentViewController.swift in Sources */,
				6F730013227875BC005800C7 /* AppDelegate.swift in Sources */,
				3325744F2282C968006F1182 /* ResultViewController.swift in Sources */,
			);
			runOnlyForDeploymentPostprocessing = 0;
		};
/* End PBXSourcesBuildPhase section */

/* Begin PBXVariantGroup section */
		6F730016227875BC005800C7 /* Main.storyboard */ = {
			isa = PBXVariantGroup;
			children = (
				6F730017227875BC005800C7 /* Base */,
			);
			name = Main.storyboard;
			sourceTree = "<group>";
		};
		6F73001B227875BE005800C7 /* LaunchScreen.storyboard */ = {
			isa = PBXVariantGroup;
			children = (
				6F73001C227875BE005800C7 /* Base */,
			);
			name = LaunchScreen.storyboard;
			sourceTree = "<group>";
		};
/* End PBXVariantGroup section */

/* Begin XCBuildConfiguration section */
		6F73001F227875BE005800C7 /* Debug */ = {
			isa = XCBuildConfiguration;
			buildSettings = {
				ALWAYS_SEARCH_USER_PATHS = NO;
				CLANG_ANALYZER_NONNULL = YES;
				CLANG_ANALYZER_NUMBER_OBJECT_CONVERSION = YES_AGGRESSIVE;
				CLANG_CXX_LANGUAGE_STANDARD = "gnu++14";
				CLANG_CXX_LIBRARY = "libc++";
				CLANG_ENABLE_MODULES = YES;
				CLANG_ENABLE_OBJC_ARC = YES;
				CLANG_ENABLE_OBJC_WEAK = YES;
				CLANG_WARN_BLOCK_CAPTURE_AUTORELEASING = YES;
				CLANG_WARN_BOOL_CONVERSION = YES;
				CLANG_WARN_COMMA = YES;
				CLANG_WARN_CONSTANT_CONVERSION = YES;
				CLANG_WARN_DEPRECATED_OBJC_IMPLEMENTATIONS = YES;
				CLANG_WARN_DIRECT_OBJC_ISA_USAGE = YES_ERROR;
				CLANG_WARN_DOCUMENTATION_COMMENTS = YES;
				CLANG_WARN_EMPTY_BODY = YES;
				CLANG_WARN_ENUM_CONVERSION = YES;
				CLANG_WARN_INFINITE_RECURSION = YES;
				CLANG_WARN_INT_CONVERSION = YES;
				CLANG_WARN_NON_LITERAL_NULL_CONVERSION = YES;
				CLANG_WARN_OBJC_IMPLICIT_RETAIN_SELF = YES;
				CLANG_WARN_OBJC_LITERAL_CONVERSION = YES;
				CLANG_WARN_OBJC_ROOT_CLASS = YES_ERROR;
				CLANG_WARN_RANGE_LOOP_ANALYSIS = YES;
				CLANG_WARN_STRICT_PROTOTYPES = YES;
				CLANG_WARN_SUSPICIOUS_MOVE = YES;
				CLANG_WARN_UNGUARDED_AVAILABILITY = YES_AGGRESSIVE;
				CLANG_WARN_UNREACHABLE_CODE = YES;
				CLANG_WARN__DUPLICATE_METHOD_MATCH = YES;
				CODE_SIGN_IDENTITY = "iPhone Developer";
				COPY_PHASE_STRIP = NO;
				DEBUG_INFORMATION_FORMAT = dwarf;
				ENABLE_STRICT_OBJC_MSGSEND = YES;
				ENABLE_TESTABILITY = YES;
				GCC_C_LANGUAGE_STANDARD = gnu11;
				GCC_DYNAMIC_NO_PIC = NO;
				GCC_NO_COMMON_BLOCKS = YES;
				GCC_OPTIMIZATION_LEVEL = 0;
				GCC_PREPROCESSOR_DEFINITIONS = (
					"DEBUG=1",
					"$(inherited)",
				);
				GCC_WARN_64_TO_32_BIT_CONVERSION = YES;
				GCC_WARN_ABOUT_RETURN_TYPE = YES_ERROR;
				GCC_WARN_UNDECLARED_SELECTOR = YES;
				GCC_WARN_UNINITIALIZED_AUTOS = YES_AGGRESSIVE;
				GCC_WARN_UNUSED_FUNCTION = YES;
				GCC_WARN_UNUSED_VARIABLE = YES;
				IPHONEOS_DEPLOYMENT_TARGET = 12.1;
				MTL_ENABLE_DEBUG_INFO = INCLUDE_SOURCE;
				MTL_FAST_MATH = YES;
				ONLY_ACTIVE_ARCH = YES;
				SDKROOT = iphoneos;
				SWIFT_ACTIVE_COMPILATION_CONDITIONS = DEBUG;
				SWIFT_OPTIMIZATION_LEVEL = "-Onone";
			};
			name = Debug;
		};
		6F730020227875BE005800C7 /* Release */ = {
			isa = XCBuildConfiguration;
			buildSettings = {
				ALWAYS_SEARCH_USER_PATHS = NO;
				CLANG_ANALYZER_NONNULL = YES;
				CLANG_ANALYZER_NUMBER_OBJECT_CONVERSION = YES_AGGRESSIVE;
				CLANG_CXX_LANGUAGE_STANDARD = "gnu++14";
				CLANG_CXX_LIBRARY = "libc++";
				CLANG_ENABLE_MODULES = YES;
				CLANG_ENABLE_OBJC_ARC = YES;
				CLANG_ENABLE_OBJC_WEAK = YES;
				CLANG_WARN_BLOCK_CAPTURE_AUTORELEASING = YES;
				CLANG_WARN_BOOL_CONVERSION = YES;
				CLANG_WARN_COMMA = YES;
				CLANG_WARN_CONSTANT_CONVERSION = YES;
				CLANG_WARN_DEPRECATED_OBJC_IMPLEMENTATIONS = YES;
				CLANG_WARN_DIRECT_OBJC_ISA_USAGE = YES_ERROR;
				CLANG_WARN_DOCUMENTATION_COMMENTS = YES;
				CLANG_WARN_EMPTY_BODY = YES;
				CLANG_WARN_ENUM_CONVERSION = YES;
				CLANG_WARN_INFINITE_RECURSION = YES;
				CLANG_WARN_INT_CONVERSION = YES;
				CLANG_WARN_NON_LITERAL_NULL_CONVERSION = YES;
				CLANG_WARN_OBJC_IMPLICIT_RETAIN_SELF = YES;
				CLANG_WARN_OBJC_LITERAL_CONVERSION = YES;
				CLANG_WARN_OBJC_ROOT_CLASS = YES_ERROR;
				CLANG_WARN_RANGE_LOOP_ANALYSIS = YES;
				CLANG_WARN_STRICT_PROTOTYPES = YES;
				CLANG_WARN_SUSPICIOUS_MOVE = YES;
				CLANG_WARN_UNGUARDED_AVAILABILITY = YES_AGGRESSIVE;
				CLANG_WARN_UNREACHABLE_CODE = YES;
				CLANG_WARN__DUPLICATE_METHOD_MATCH = YES;
				CODE_SIGN_IDENTITY = "iPhone Developer";
				COPY_PHASE_STRIP = NO;
				DEBUG_INFORMATION_FORMAT = "dwarf-with-dsym";
				ENABLE_NS_ASSERTIONS = NO;
				ENABLE_STRICT_OBJC_MSGSEND = YES;
				GCC_C_LANGUAGE_STANDARD = gnu11;
				GCC_NO_COMMON_BLOCKS = YES;
				GCC_WARN_64_TO_32_BIT_CONVERSION = YES;
				GCC_WARN_ABOUT_RETURN_TYPE = YES_ERROR;
				GCC_WARN_UNDECLARED_SELECTOR = YES;
				GCC_WARN_UNINITIALIZED_AUTOS = YES_AGGRESSIVE;
				GCC_WARN_UNUSED_FUNCTION = YES;
				GCC_WARN_UNUSED_VARIABLE = YES;
				IPHONEOS_DEPLOYMENT_TARGET = 12.1;
				MTL_ENABLE_DEBUG_INFO = NO;
				MTL_FAST_MATH = YES;
				SDKROOT = iphoneos;
				SWIFT_COMPILATION_MODE = wholemodule;
				SWIFT_OPTIMIZATION_LEVEL = "-O";
				VALIDATE_PRODUCT = YES;
			};
			name = Release;
		};
		6F730022227875BE005800C7 /* Debug */ = {
			isa = XCBuildConfiguration;
			buildSettings = {
				ASSETCATALOG_COMPILER_APPICON_NAME = AppIcon;
				CODE_SIGN_STYLE = Automatic;
				INFOPLIST_FILE = SimplifySDKSampleApp/Info.plist;
				LD_RUNPATH_SEARCH_PATHS = (
					"$(inherited)",
					"@executable_path/Frameworks",
				);
				PRODUCT_BUNDLE_IDENTIFIER = com.mastercard.simplify.SimplifySDKSampleApp;
				PRODUCT_NAME = "$(TARGET_NAME)";
				SWIFT_VERSION = 5.0;
				TARGETED_DEVICE_FAMILY = "1,2";
			};
			name = Debug;
		};
		6F730023227875BE005800C7 /* Release */ = {
			isa = XCBuildConfiguration;
			buildSettings = {
				ASSETCATALOG_COMPILER_APPICON_NAME = AppIcon;
				CODE_SIGN_STYLE = Automatic;
				INFOPLIST_FILE = SimplifySDKSampleApp/Info.plist;
				LD_RUNPATH_SEARCH_PATHS = (
					"$(inherited)",
					"@executable_path/Frameworks",
				);
				PRODUCT_BUNDLE_IDENTIFIER = com.mastercard.simplify.SimplifySDKSampleApp;
				PRODUCT_NAME = "$(TARGET_NAME)";
				SWIFT_VERSION = 5.0;
				TARGETED_DEVICE_FAMILY = "1,2";
			};
			name = Release;
		};
/* End XCBuildConfiguration section */

/* Begin XCConfigurationList section */
		6F73000A227875BC005800C7 /* Build configuration list for PBXProject "SimplifySDKSampleApp" */ = {
			isa = XCConfigurationList;
			buildConfigurations = (
				6F73001F227875BE005800C7 /* Debug */,
				6F730020227875BE005800C7 /* Release */,
			);
			defaultConfigurationIsVisible = 0;
			defaultConfigurationName = Release;
		};
		6F730021227875BE005800C7 /* Build configuration list for PBXNativeTarget "SimplifySDKSampleApp" */ = {
			isa = XCConfigurationList;
			buildConfigurations = (
				6F730022227875BE005800C7 /* Debug */,
				6F730023227875BE005800C7 /* Release */,
			);
			defaultConfigurationIsVisible = 0;
			defaultConfigurationName = Release;
		};
/* End XCConfigurationList section */
	};
	rootObject = 6F730007227875BC005800C7 /* Project object */;
}
